
Microsoft Visual Studio Solution File, Format Version 12.00
# Visual Studio Version 16
VisualStudioVersion = 16.0.31624.102
MinimumVisualStudioVersion = 10.0.40219.1
Project("{9A19103F-16F7-4668-BE54-9A1E7A4F7556}") = "OctopusSamples.OctoHR.DatabaseMigrator", "OctopusSamples.OctoHR.DatabaseMigrator\OctopusSamples.OctoHR.DatabaseMigrator.csproj", "{0B36AD91-BC4D-4AE4-8F11-0AF1C9204672}"
EndProject
Project("{9A19103F-16F7-4668-BE54-9A1E7A4F7556}") = "OctopusSamples.OctoHR.ConfigDBMigrator", "OctopusSamples.OctoHR.ConfigDbMigrator\OctopusSamples.OctoHR.ConfigDBMigrator.csproj", "{270CE88B-1335-407B-BA0C-C6C2DA35444F}"
EndProject
Project("{9A19103F-16F7-4668-BE54-9A1E7A4F7556}") = "OctopusSamples.OctoHR.PublicWebApp", "OctopusSamples.OctoHR.PublicWebApp\OctopusSamples.OctoHR.PublicWebApp.csproj", "{7DF8E74B-D4B5-47F9-9EC4-E37A087F17A8}"
EndProject
Project("{2150E333-8FDC-42A3-9474-1A3956D46DE8}") = "App_Offline", "App_Offline", "{BF22ECBA-49A9-4CE5-842E-03DB73004F96}"
	ProjectSection(SolutionItems) = preProject
		App_Offline\app_offline.htm = App_Offline\app_offline.htm
	EndProjectSection
EndProject
Global
	GlobalSection(SolutionConfigurationPlatforms) = preSolution
		Debug|Any CPU = Debug|Any CPU
		Release|Any CPU = Release|Any CPU
	EndGlobalSection
	GlobalSection(ProjectConfigurationPlatforms) = postSolution
		{0B36AD91-BC4D-4AE4-8F11-0AF1C9204672}.Debug|Any CPU.ActiveCfg = Debug|Any CPU
		{0B36AD91-BC4D-4AE4-8F11-0AF1C9204672}.Debug|Any CPU.Build.0 = Debug|Any CPU
		{0B36AD91-BC4D-4AE4-8F11-0AF1C9204672}.Release|Any CPU.ActiveCfg = Release|Any CPU
		{0B36AD91-BC4D-4AE4-8F11-0AF1C9204672}.Release|Any CPU.Build.0 = Release|Any CPU
		{270CE88B-1335-407B-BA0C-C6C2DA35444F}.Debug|Any CPU.ActiveCfg = Debug|Any CPU
		{270CE88B-1335-407B-BA0C-C6C2DA35444F}.Debug|Any CPU.Build.0 = Debug|Any CPU
		{270CE88B-1335-407B-BA0C-C6C2DA35444F}.Release|Any CPU.ActiveCfg = Release|Any CPU
		{270CE88B-1335-407B-BA0C-C6C2DA35444F}.Release|Any CPU.Build.0 = Release|Any CPU
		{7DF8E74B-D4B5-47F9-9EC4-E37A087F17A8}.Debug|Any CPU.ActiveCfg = Debug|Any CPU
		{7DF8E74B-D4B5-47F9-9EC4-E37A087F17A8}.Debug|Any CPU.Build.0 = Debug|Any CPU
		{7DF8E74B-D4B5-47F9-9EC4-E37A087F17A8}.Release|Any CPU.ActiveCfg = Release|Any CPU
		{7DF8E74B-D4B5-47F9-9EC4-E37A087F17A8}.Release|Any CPU.Build.0 = Release|Any CPU
	EndGlobalSection
	GlobalSection(SolutionProperties) = preSolution
		HideSolutionNode = FALSE
	EndGlobalSection
	GlobalSection(ExtensibilityGlobals) = postSolution
		SolutionGuid = {549EDCB6-1AD7-4DE8-808A-538415961191}
	EndGlobalSection
EndGlobal
